
Microsoft Visual Studio Solution File, Format Version 12.00
# Visual Studio Version 16
VisualStudioVersion = 16.0.31005.135
MinimumVisualStudioVersion = 10.0.40219.1
Project("{FAE04EC0-301F-11D3-BF4B-00C04F79EFBC}") = "Dorsavi.Xamarin.Forms", "Dorsavi.Xamarin.Forms\Dorsavi.Xamarin.Forms\Dorsavi.Xamarin.Forms.csproj", "{D2A01FDF-4A82-433E-9DB1-CC64AEA6F46E}"
EndProject
Project("{FAE04EC0-301F-11D3-BF4B-00C04F79EFBC}") = "Dorsavi.Xamarin.Forms.Android", "Dorsavi.Xamarin.Forms\Dorsavi.Xamarin.Forms.Android\Dorsavi.Xamarin.Forms.Android.csproj", "{EB0D282C-C13A-4BA0-959F-497F42971796}"
EndProject
Project("{FAE04EC0-301F-11D3-BF4B-00C04F79EFBC}") = "Dorsavi.Xamarin.Forms.iOS", "Dorsavi.Xamarin.Forms\Dorsavi.Xamarin.Forms.iOS\Dorsavi.Xamarin.Forms.iOS.csproj", "{270680D0-EC8D-411F-A93F-F52882ACC457}"
EndProject
Project("{FAE04EC0-301F-11D3-BF4B-00C04F79EFBC}") = "Dorsavi.Xamarin.Forms.UWP", "Dorsavi.Xamarin.Forms\Dorsavi.Xamarin.Forms.UWP\Dorsavi.Xamarin.Forms.UWP.csproj", "{C3DD6206-E8B5-4F93-A102-5294EE2EF4DA}"
EndProject
Project("{2150E333-8FDC-42A3-9474-1A3956D46DE8}") = "Tests", "Tests", "{62CF6116-82A1-4F7D-B51B-C81F05BBA2DE}"
EndProject
Project("{2150E333-8FDC-42A3-9474-1A3956D46DE8}") = "Utilities", "Utilities", "{3A6F6285-9796-4A2D-8BF4-D9E0559C5576}"
EndProject
Project("{2150E333-8FDC-42A3-9474-1A3956D46DE8}") = "Clients", "Clients", "{BECAAF6C-6BB8-48D4-8239-6AAC1BA24046}"
EndProject
Project("{FAE04EC0-301F-11D3-BF4B-00C04F79EFBC}") = "Dorsavi.Xamarin.ViewModels.Tests", "Dorsavi.Xamarin.ViewModels.Tests\Dorsavi.Xamarin.ViewModels.Tests.csproj", "{7E87BE6D-5B30-4CA7-A77D-D3FDC64FC146}"
EndProject
Global
	GlobalSection(SolutionConfigurationPlatforms) = preSolution
		Ad-Hoc|Any CPU = Ad-Hoc|Any CPU
		Ad-Hoc|ARM = Ad-Hoc|ARM
		Ad-Hoc|iPhone = Ad-Hoc|iPhone
		Ad-Hoc|iPhoneSimulator = Ad-Hoc|iPhoneSimulator
		Ad-Hoc|x64 = Ad-Hoc|x64
		Ad-Hoc|x86 = Ad-Hoc|x86
		AppStore|Any CPU = AppStore|Any CPU
		AppStore|ARM = AppStore|ARM
		AppStore|iPhone = AppStore|iPhone
		AppStore|iPhoneSimulator = AppStore|iPhoneSimulator
		AppStore|x64 = AppStore|x64
		AppStore|x86 = AppStore|x86
		Debug|Any CPU = Debug|Any CPU
		Debug|ARM = Debug|ARM
		Debug|iPhone = Debug|iPhone
		Debug|iPhoneSimulator = Debug|iPhoneSimulator
		Debug|x64 = Debug|x64
		Debug|x86 = Debug|x86
		Release|Any CPU = Release|Any CPU
		Release|ARM = Release|ARM
		Release|iPhone = Release|iPhone
		Release|iPhoneSimulator = Release|iPhoneSimulator
		Release|x64 = Release|x64
		Release|x86 = Release|x86
	EndGlobalSection
	GlobalSection(ProjectConfigurationPlatforms) = postSolution
		{D2A01FDF-4A82-433E-9DB1-CC64AEA6F46E}.Ad-Hoc|Any CPU.ActiveCfg = Debug|Any CPU
		{D2A01FDF-4A82-433E-9DB1-CC64AEA6F46E}.Ad-Hoc|Any CPU.Build.0 = Debug|Any CPU
		{D2A01FDF-4A82-433E-9DB1-CC64AEA6F46E}.Ad-Hoc|ARM.ActiveCfg = Debug|Any CPU
		{D2A01FDF-4A82-433E-9DB1-CC64AEA6F46E}.Ad-Hoc|ARM.Build.0 = Debug|Any CPU
		{D2A01FDF-4A82-433E-9DB1-CC64AEA6F46E}.Ad-Hoc|iPhone.ActiveCfg = Debug|Any CPU
		{D2A01FDF-4A82-433E-9DB1-CC64AEA6F46E}.Ad-Hoc|iPhone.Build.0 = Debug|Any CPU
		{D2A01FDF-4A82-433E-9DB1-CC64AEA6F46E}.Ad-Hoc|iPhoneSimulator.ActiveCfg = Debug|Any CPU
		{D2A01FDF-4A82-433E-9DB1-CC64AEA6F46E}.Ad-Hoc|iPhoneSimulator.Build.0 = Debug|Any CPU
		{D2A01FDF-4A82-433E-9DB1-CC64AEA6F46E}.Ad-Hoc|x64.ActiveCfg = Debug|Any CPU
		{D2A01FDF-4A82-433E-9DB1-CC64AEA6F46E}.Ad-Hoc|x64.Build.0 = Debug|Any CPU
		{D2A01FDF-4A82-433E-9DB1-CC64AEA6F46E}.Ad-Hoc|x86.ActiveCfg = Debug|Any CPU
		{D2A01FDF-4A82-433E-9DB1-CC64AEA6F46E}.Ad-Hoc|x86.Build.0 = Debug|Any CPU
		{D2A01FDF-4A82-433E-9DB1-CC64AEA6F46E}.AppStore|Any CPU.ActiveCfg = Debug|Any CPU
		{D2A01FDF-4A82-433E-9DB1-CC64AEA6F46E}.AppStore|Any CPU.Build.0 = Debug|Any CPU
		{D2A01FDF-4A82-433E-9DB1-CC64AEA6F46E}.AppStore|ARM.ActiveCfg = Debug|Any CPU
		{D2A01FDF-4A82-433E-9DB1-CC64AEA6F46E}.AppStore|ARM.Build.0 = Debug|Any CPU
		{D2A01FDF-4A82-433E-9DB1-CC64AEA6F46E}.AppStore|iPhone.ActiveCfg = Debug|Any CPU
		{D2A01FDF-4A82-433E-9DB1-CC64AEA6F46E}.AppStore|iPhone.Build.0 = Debug|Any CPU
		{D2A01FDF-4A82-433E-9DB1-CC64AEA6F46E}.AppStore|iPhoneSimulator.ActiveCfg = Debug|Any CPU
		{D2A01FDF-4A82-433E-9DB1-CC64AEA6F46E}.AppStore|iPhoneSimulator.Build.0 = Debug|Any CPU
		{D2A01FDF-4A82-433E-9DB1-CC64AEA6F46E}.AppStore|x64.ActiveCfg = Debug|Any CPU
		{D2A01FDF-4A82-433E-9DB1-CC64AEA6F46E}.AppStore|x64.Build.0 = Debug|Any CPU
		{D2A01FDF-4A82-433E-9DB1-CC64AEA6F46E}.AppStore|x86.ActiveCfg = Debug|Any CPU
		{D2A01FDF-4A82-433E-9DB1-CC64AEA6F46E}.AppStore|x86.Build.0 = Debug|Any CPU
		{D2A01FDF-4A82-433E-9DB1-CC64AEA6F46E}.Debug|Any CPU.ActiveCfg = Debug|Any CPU
		{D2A01FDF-4A82-433E-9DB1-CC64AEA6F46E}.Debug|Any CPU.Build.0 = Debug|Any CPU
		{D2A01FDF-4A82-433E-9DB1-CC64AEA6F46E}.Debug|ARM.ActiveCfg = Debug|Any CPU
		{D2A01FDF-4A82-433E-9DB1-CC64AEA6F46E}.Debug|ARM.Build.0 = Debug|Any CPU
		{D2A01FDF-4A82-433E-9DB1-CC64AEA6F46E}.Debug|iPhone.ActiveCfg = Debug|Any CPU
		{D2A01FDF-4A82-433E-9DB1-CC64AEA6F46E}.Debug|iPhone.Build.0 = Debug|Any CPU
		{D2A01FDF-4A82-433E-9DB1-CC64AEA6F46E}.Debug|iPhoneSimulator.ActiveCfg = Debug|Any CPU
		{D2A01FDF-4A82-433E-9DB1-CC64AEA6F46E}.Debug|iPhoneSimulator.Build.0 = Debug|Any CPU
		{D2A01FDF-4A82-433E-9DB1-CC64AEA6F46E}.Debug|x64.ActiveCfg = Debug|Any CPU
		{D2A01FDF-4A82-433E-9DB1-CC64AEA6F46E}.Debug|x64.Build.0 = Debug|Any CPU
		{D2A01FDF-4A82-433E-9DB1-CC64AEA6F46E}.Debug|x86.ActiveCfg = Debug|Any CPU
		{D2A01FDF-4A82-433E-9DB1-CC64AEA6F46E}.Debug|x86.Build.0 = Debug|Any CPU
		{D2A01FDF-4A82-433E-9DB1-CC64AEA6F46E}.Release|Any CPU.ActiveCfg = Release|Any CPU
		{D2A01FDF-4A82-433E-9DB1-CC64AEA6F46E}.Release|Any CPU.Build.0 = Release|Any CPU
		{D2A01FDF-4A82-433E-9DB1-CC64AEA6F46E}.Release|ARM.ActiveCfg = Release|Any CPU
		{D2A01FDF-4A82-433E-9DB1-CC64AEA6F46E}.Release|ARM.Build.0 = Release|Any CPU
		{D2A01FDF-4A82-433E-9DB1-CC64AEA6F46E}.Release|iPhone.ActiveCfg = Release|Any CPU
		{D2A01FDF-4A82-433E-9DB1-CC64AEA6F46E}.Release|iPhone.Build.0 = Release|Any CPU
		{D2A01FDF-4A82-433E-9DB1-CC64AEA6F46E}.Release|iPhoneSimulator.ActiveCfg = Release|Any CPU
		{D2A01FDF-4A82-433E-9DB1-CC64AEA6F46E}.Release|iPhoneSimulator.Build.0 = Release|Any CPU
		{D2A01FDF-4A82-433E-9DB1-CC64AEA6F46E}.Release|x64.ActiveCfg = Release|Any CPU
		{D2A01FDF-4A82-433E-9DB1-CC64AEA6F46E}.Release|x64.Build.0 = Release|Any CPU
		{D2A01FDF-4A82-433E-9DB1-CC64AEA6F46E}.Release|x86.ActiveCfg = Release|Any CPU
		{D2A01FDF-4A82-433E-9DB1-CC64AEA6F46E}.Release|x86.Build.0 = Release|Any CPU
		{EB0D282C-C13A-4BA0-959F-497F42971796}.Ad-Hoc|Any CPU.ActiveCfg = Debug|Any CPU
		{EB0D282C-C13A-4BA0-959F-497F42971796}.Ad-Hoc|Any CPU.Build.0 = Debug|Any CPU
		{EB0D282C-C13A-4BA0-959F-497F42971796}.Ad-Hoc|Any CPU.Deploy.0 = Debug|Any CPU
		{EB0D282C-C13A-4BA0-959F-497F42971796}.Ad-Hoc|ARM.ActiveCfg = Debug|Any CPU
		{EB0D282C-C13A-4BA0-959F-497F42971796}.Ad-Hoc|ARM.Build.0 = Debug|Any CPU
		{EB0D282C-C13A-4BA0-959F-497F42971796}.Ad-Hoc|ARM.Deploy.0 = Debug|Any CPU
		{EB0D282C-C13A-4BA0-959F-497F42971796}.Ad-Hoc|iPhone.ActiveCfg = Debug|Any CPU
		{EB0D282C-C13A-4BA0-959F-497F42971796}.Ad-Hoc|iPhone.Build.0 = Debug|Any CPU
		{EB0D282C-C13A-4BA0-959F-497F42971796}.Ad-Hoc|iPhone.Deploy.0 = Debug|Any CPU
		{EB0D282C-C13A-4BA0-959F-497F42971796}.Ad-Hoc|iPhoneSimulator.ActiveCfg = Debug|Any CPU
		{EB0D282C-C13A-4BA0-959F-497F42971796}.Ad-Hoc|iPhoneSimulator.Build.0 = Debug|Any CPU
		{EB0D282C-C13A-4BA0-959F-497F42971796}.Ad-Hoc|iPhoneSimulator.Deploy.0 = Debug|Any CPU
		{EB0D282C-C13A-4BA0-959F-497F42971796}.Ad-Hoc|x64.ActiveCfg = Debug|Any CPU
		{EB0D282C-C13A-4BA0-959F-497F42971796}.Ad-Hoc|x64.Build.0 = Debug|Any CPU
		{EB0D282C-C13A-4BA0-959F-497F42971796}.Ad-Hoc|x64.Deploy.0 = Debug|Any CPU
		{EB0D282C-C13A-4BA0-959F-497F42971796}.Ad-Hoc|x86.ActiveCfg = Debug|Any CPU
		{EB0D282C-C13A-4BA0-959F-497F42971796}.Ad-Hoc|x86.Build.0 = Debug|Any CPU
		{EB0D282C-C13A-4BA0-959F-497F42971796}.Ad-Hoc|x86.Deploy.0 = Debug|Any CPU
		{EB0D282C-C13A-4BA0-959F-497F42971796}.AppStore|Any CPU.ActiveCfg = Debug|Any CPU
		{EB0D282C-C13A-4BA0-959F-497F42971796}.AppStore|Any CPU.Build.0 = Debug|Any CPU
		{EB0D282C-C13A-4BA0-959F-497F42971796}.AppStore|Any CPU.Deploy.0 = Debug|Any CPU
		{EB0D282C-C13A-4BA0-959F-497F42971796}.AppStore|ARM.ActiveCfg = Debug|Any CPU
		{EB0D282C-C13A-4BA0-959F-497F42971796}.AppStore|ARM.Build.0 = Debug|Any CPU
		{EB0D282C-C13A-4BA0-959F-497F42971796}.AppStore|ARM.Deploy.0 = Debug|Any CPU
		{EB0D282C-C13A-4BA0-959F-497F42971796}.AppStore|iPhone.ActiveCfg = Debug|Any CPU
		{EB0D282C-C13A-4BA0-959F-497F42971796}.AppStore|iPhone.Build.0 = Debug|Any CPU
		{EB0D282C-C13A-4BA0-959F-497F42971796}.AppStore|iPhone.Deploy.0 = Debug|Any CPU
		{EB0D282C-C13A-4BA0-959F-497F42971796}.AppStore|iPhoneSimulator.ActiveCfg = Debug|Any CPU
		{EB0D282C-C13A-4BA0-959F-497F42971796}.AppStore|iPhoneSimulator.Build.0 = Debug|Any CPU
		{EB0D282C-C13A-4BA0-959F-497F42971796}.AppStore|iPhoneSimulator.Deploy.0 = Debug|Any CPU
		{EB0D282C-C13A-4BA0-959F-497F42971796}.AppStore|x64.ActiveCfg = Debug|Any CPU
		{EB0D282C-C13A-4BA0-959F-497F42971796}.AppStore|x64.Build.0 = Debug|Any CPU
		{EB0D282C-C13A-4BA0-959F-497F42971796}.AppStore|x64.Deploy.0 = Debug|Any CPU
		{EB0D282C-C13A-4BA0-959F-497F42971796}.AppStore|x86.ActiveCfg = Debug|Any CPU
		{EB0D282C-C13A-4BA0-959F-497F42971796}.AppStore|x86.Build.0 = Debug|Any CPU
		{EB0D282C-C13A-4BA0-959F-497F42971796}.AppStore|x86.Deploy.0 = Debug|Any CPU
		{EB0D282C-C13A-4BA0-959F-497F42971796}.Debug|Any CPU.ActiveCfg = Debug|Any CPU
		{EB0D282C-C13A-4BA0-959F-497F42971796}.Debug|Any CPU.Build.0 = Debug|Any CPU
		{EB0D282C-C13A-4BA0-959F-497F42971796}.Debug|Any CPU.Deploy.0 = Debug|Any CPU
		{EB0D282C-C13A-4BA0-959F-497F42971796}.Debug|ARM.ActiveCfg = Debug|Any CPU
		{EB0D282C-C13A-4BA0-959F-497F42971796}.Debug|ARM.Build.0 = Debug|Any CPU
		{EB0D282C-C13A-4BA0-959F-497F42971796}.Debug|ARM.Deploy.0 = Debug|Any CPU
		{EB0D282C-C13A-4BA0-959F-497F42971796}.Debug|iPhone.ActiveCfg = Debug|Any CPU
		{EB0D282C-C13A-4BA0-959F-497F42971796}.Debug|iPhone.Build.0 = Debug|Any CPU
		{EB0D282C-C13A-4BA0-959F-497F42971796}.Debug|iPhone.Deploy.0 = Debug|Any CPU
		{EB0D282C-C13A-4BA0-959F-497F42971796}.Debug|iPhoneSimulator.ActiveCfg = Debug|Any CPU
		{EB0D282C-C13A-4BA0-959F-497F42971796}.Debug|iPhoneSimulator.Build.0 = Debug|Any CPU
		{EB0D282C-C13A-4BA0-959F-497F42971796}.Debug|iPhoneSimulator.Deploy.0 = Debug|Any CPU
		{EB0D282C-C13A-4BA0-959F-497F42971796}.Debug|x64.ActiveCfg = Debug|Any CPU
		{EB0D282C-C13A-4BA0-959F-497F42971796}.Debug|x64.Build.0 = Debug|Any CPU
		{EB0D282C-C13A-4BA0-959F-497F42971796}.Debug|x64.Deploy.0 = Debug|Any CPU
		{EB0D282C-C13A-4BA0-959F-497F42971796}.Debug|x86.ActiveCfg = Debug|Any CPU
		{EB0D282C-C13A-4BA0-959F-497F42971796}.Debug|x86.Build.0 = Debug|Any CPU
		{EB0D282C-C13A-4BA0-959F-497F42971796}.Debug|x86.Deploy.0 = Debug|Any CPU
		{EB0D282C-C13A-4BA0-959F-497F42971796}.Release|Any CPU.ActiveCfg = Release|Any CPU
		{EB0D282C-C13A-4BA0-959F-497F42971796}.Release|Any CPU.Build.0 = Release|Any CPU
		{EB0D282C-C13A-4BA0-959F-497F42971796}.Release|Any CPU.Deploy.0 = Release|Any CPU
		{EB0D282C-C13A-4BA0-959F-497F42971796}.Release|ARM.ActiveCfg = Release|Any CPU
		{EB0D282C-C13A-4BA0-959F-497F42971796}.Release|ARM.Build.0 = Release|Any CPU
		{EB0D282C-C13A-4BA0-959F-497F42971796}.Release|ARM.Deploy.0 = Release|Any CPU
		{EB0D282C-C13A-4BA0-959F-497F42971796}.Release|iPhone.ActiveCfg = Release|Any CPU
		{EB0D282C-C13A-4BA0-959F-497F42971796}.Release|iPhone.Build.0 = Release|Any CPU
		{EB0D282C-C13A-4BA0-959F-497F42971796}.Release|iPhone.Deploy.0 = Release|Any CPU
		{EB0D282C-C13A-4BA0-959F-497F42971796}.Release|iPhoneSimulator.ActiveCfg = Release|Any CPU
		{EB0D282C-C13A-4BA0-959F-497F42971796}.Release|iPhoneSimulator.Build.0 = Release|Any CPU
		{EB0D282C-C13A-4BA0-959F-497F42971796}.Release|iPhoneSimulator.Deploy.0 = Release|Any CPU
		{EB0D282C-C13A-4BA0-959F-497F42971796}.Release|x64.ActiveCfg = Release|Any CPU
		{EB0D282C-C13A-4BA0-959F-497F42971796}.Release|x64.Build.0 = Release|Any CPU
		{EB0D282C-C13A-4BA0-959F-497F42971796}.Release|x64.Deploy.0 = Release|Any CPU
		{EB0D282C-C13A-4BA0-959F-497F42971796}.Release|x86.ActiveCfg = Release|Any CPU
		{EB0D282C-C13A-4BA0-959F-497F42971796}.Release|x86.Build.0 = Release|Any CPU
		{EB0D282C-C13A-4BA0-959F-497F42971796}.Release|x86.Deploy.0 = Release|Any CPU
		{270680D0-EC8D-411F-A93F-F52882ACC457}.Ad-Hoc|Any CPU.ActiveCfg = Ad-Hoc|iPhoneSimulator
		{270680D0-EC8D-411F-A93F-F52882ACC457}.Ad-Hoc|ARM.ActiveCfg = Ad-Hoc|iPhoneSimulator
		{270680D0-EC8D-411F-A93F-F52882ACC457}.Ad-Hoc|iPhone.ActiveCfg = Ad-Hoc|iPhone
		{270680D0-EC8D-411F-A93F-F52882ACC457}.Ad-Hoc|iPhone.Build.0 = Ad-Hoc|iPhone
		{270680D0-EC8D-411F-A93F-F52882ACC457}.Ad-Hoc|iPhoneSimulator.ActiveCfg = Ad-Hoc|iPhoneSimulator
		{270680D0-EC8D-411F-A93F-F52882ACC457}.Ad-Hoc|iPhoneSimulator.Build.0 = Ad-Hoc|iPhoneSimulator
		{270680D0-EC8D-411F-A93F-F52882ACC457}.Ad-Hoc|x64.ActiveCfg = Ad-Hoc|iPhoneSimulator
		{270680D0-EC8D-411F-A93F-F52882ACC457}.Ad-Hoc|x86.ActiveCfg = Ad-Hoc|iPhoneSimulator
		{270680D0-EC8D-411F-A93F-F52882ACC457}.AppStore|Any CPU.ActiveCfg = AppStore|iPhoneSimulator
		{270680D0-EC8D-411F-A93F-F52882ACC457}.AppStore|ARM.ActiveCfg = AppStore|iPhoneSimulator
		{270680D0-EC8D-411F-A93F-F52882ACC457}.AppStore|iPhone.ActiveCfg = AppStore|iPhone
		{270680D0-EC8D-411F-A93F-F52882ACC457}.AppStore|iPhone.Build.0 = AppStore|iPhone
		{270680D0-EC8D-411F-A93F-F52882ACC457}.AppStore|iPhoneSimulator.ActiveCfg = AppStore|iPhoneSimulator
		{270680D0-EC8D-411F-A93F-F52882ACC457}.AppStore|iPhoneSimulator.Build.0 = AppStore|iPhoneSimulator
		{270680D0-EC8D-411F-A93F-F52882ACC457}.AppStore|x64.ActiveCfg = AppStore|iPhoneSimulator
		{270680D0-EC8D-411F-A93F-F52882ACC457}.AppStore|x86.ActiveCfg = AppStore|iPhoneSimulator
		{270680D0-EC8D-411F-A93F-F52882ACC457}.Debug|Any CPU.ActiveCfg = Debug|iPhoneSimulator
		{270680D0-EC8D-411F-A93F-F52882ACC457}.Debug|ARM.ActiveCfg = Debug|iPhoneSimulator
		{270680D0-EC8D-411F-A93F-F52882ACC457}.Debug|iPhone.ActiveCfg = Debug|iPhone
		{270680D0-EC8D-411F-A93F-F52882ACC457}.Debug|iPhone.Build.0 = Debug|iPhone
		{270680D0-EC8D-411F-A93F-F52882ACC457}.Debug|iPhoneSimulator.ActiveCfg = Debug|iPhoneSimulator
		{270680D0-EC8D-411F-A93F-F52882ACC457}.Debug|iPhoneSimulator.Build.0 = Debug|iPhoneSimulator
		{270680D0-EC8D-411F-A93F-F52882ACC457}.Debug|x64.ActiveCfg = Debug|iPhoneSimulator
		{270680D0-EC8D-411F-A93F-F52882ACC457}.Debug|x86.ActiveCfg = Debug|iPhoneSimulator
		{270680D0-EC8D-411F-A93F-F52882ACC457}.Release|Any CPU.ActiveCfg = Release|iPhoneSimulator
		{270680D0-EC8D-411F-A93F-F52882ACC457}.Release|ARM.ActiveCfg = Release|iPhoneSimulator
		{270680D0-EC8D-411F-A93F-F52882ACC457}.Release|iPhone.ActiveCfg = Release|iPhone
		{270680D0-EC8D-411F-A93F-F52882ACC457}.Release|iPhone.Build.0 = Release|iPhone
		{270680D0-EC8D-411F-A93F-F52882ACC457}.Release|iPhoneSimulator.ActiveCfg = Release|iPhoneSimulator
		{270680D0-EC8D-411F-A93F-F52882ACC457}.Release|iPhoneSimulator.Build.0 = Release|iPhoneSimulator
		{270680D0-EC8D-411F-A93F-F52882ACC457}.Release|x64.ActiveCfg = Release|iPhoneSimulator
		{270680D0-EC8D-411F-A93F-F52882ACC457}.Release|x86.ActiveCfg = Release|iPhoneSimulator
		{C3DD6206-E8B5-4F93-A102-5294EE2EF4DA}.Ad-Hoc|Any CPU.ActiveCfg = Debug|ARM
		{C3DD6206-E8B5-4F93-A102-5294EE2EF4DA}.Ad-Hoc|Any CPU.Build.0 = Debug|ARM
		{C3DD6206-E8B5-4F93-A102-5294EE2EF4DA}.Ad-Hoc|Any CPU.Deploy.0 = Debug|ARM
		{C3DD6206-E8B5-4F93-A102-5294EE2EF4DA}.Ad-Hoc|ARM.ActiveCfg = Debug|ARM
		{C3DD6206-E8B5-4F93-A102-5294EE2EF4DA}.Ad-Hoc|ARM.Build.0 = Debug|ARM
		{C3DD6206-E8B5-4F93-A102-5294EE2EF4DA}.Ad-Hoc|ARM.Deploy.0 = Debug|ARM
		{C3DD6206-E8B5-4F93-A102-5294EE2EF4DA}.Ad-Hoc|iPhone.ActiveCfg = Debug|ARM
		{C3DD6206-E8B5-4F93-A102-5294EE2EF4DA}.Ad-Hoc|iPhone.Build.0 = Debug|ARM
		{C3DD6206-E8B5-4F93-A102-5294EE2EF4DA}.Ad-Hoc|iPhone.Deploy.0 = Debug|ARM
		{C3DD6206-E8B5-4F93-A102-5294EE2EF4DA}.Ad-Hoc|iPhoneSimulator.ActiveCfg = Debug|ARM
		{C3DD6206-E8B5-4F93-A102-5294EE2EF4DA}.Ad-Hoc|iPhoneSimulator.Build.0 = Debug|ARM
		{C3DD6206-E8B5-4F93-A102-5294EE2EF4DA}.Ad-Hoc|iPhoneSimulator.Deploy.0 = Debug|ARM
		{C3DD6206-E8B5-4F93-A102-5294EE2EF4DA}.Ad-Hoc|x64.ActiveCfg = Debug|x64
		{C3DD6206-E8B5-4F93-A102-5294EE2EF4DA}.Ad-Hoc|x64.Build.0 = Debug|x64
		{C3DD6206-E8B5-4F93-A102-5294EE2EF4DA}.Ad-Hoc|x64.Deploy.0 = Debug|x64
		{C3DD6206-E8B5-4F93-A102-5294EE2EF4DA}.Ad-Hoc|x86.ActiveCfg = Debug|x86
		{C3DD6206-E8B5-4F93-A102-5294EE2EF4DA}.Ad-Hoc|x86.Build.0 = Debug|x86
		{C3DD6206-E8B5-4F93-A102-5294EE2EF4DA}.Ad-Hoc|x86.Deploy.0 = Debug|x86
		{C3DD6206-E8B5-4F93-A102-5294EE2EF4DA}.AppStore|Any CPU.ActiveCfg = Debug|ARM
		{C3DD6206-E8B5-4F93-A102-5294EE2EF4DA}.AppStore|Any CPU.Build.0 = Debug|ARM
		{C3DD6206-E8B5-4F93-A102-5294EE2EF4DA}.AppStore|Any CPU.Deploy.0 = Debug|ARM
		{C3DD6206-E8B5-4F93-A102-5294EE2EF4DA}.AppStore|ARM.ActiveCfg = Debug|ARM
		{C3DD6206-E8B5-4F93-A102-5294EE2EF4DA}.AppStore|ARM.Build.0 = Debug|ARM
		{C3DD6206-E8B5-4F93-A102-5294EE2EF4DA}.AppStore|ARM.Deploy.0 = Debug|ARM
		{C3DD6206-E8B5-4F93-A102-5294EE2EF4DA}.AppStore|iPhone.ActiveCfg = Debug|ARM
		{C3DD6206-E8B5-4F93-A102-5294EE2EF4DA}.AppStore|iPhone.Build.0 = Debug|ARM
		{C3DD6206-E8B5-4F93-A102-5294EE2EF4DA}.AppStore|iPhone.Deploy.0 = Debug|ARM
		{C3DD6206-E8B5-4F93-A102-5294EE2EF4DA}.AppStore|iPhoneSimulator.ActiveCfg = Debug|ARM
		{C3DD6206-E8B5-4F93-A102-5294EE2EF4DA}.AppStore|iPhoneSimulator.Build.0 = Debug|ARM
		{C3DD6206-E8B5-4F93-A102-5294EE2EF4DA}.AppStore|iPhoneSimulator.Deploy.0 = Debug|ARM
		{C3DD6206-E8B5-4F93-A102-5294EE2EF4DA}.AppStore|x64.ActiveCfg = Debug|x64
		{C3DD6206-E8B5-4F93-A102-5294EE2EF4DA}.AppStore|x64.Build.0 = Debug|x64
		{C3DD6206-E8B5-4F93-A102-5294EE2EF4DA}.AppStore|x64.Deploy.0 = Debug|x64
		{C3DD6206-E8B5-4F93-A102-5294EE2EF4DA}.AppStore|x86.ActiveCfg = Debug|x86
		{C3DD6206-E8B5-4F93-A102-5294EE2EF4DA}.AppStore|x86.Build.0 = Debug|x86
		{C3DD6206-E8B5-4F93-A102-5294EE2EF4DA}.AppStore|x86.Deploy.0 = Debug|x86
		{C3DD6206-E8B5-4F93-A102-5294EE2EF4DA}.Debug|Any CPU.ActiveCfg = Debug|x86
		{C3DD6206-E8B5-4F93-A102-5294EE2EF4DA}.Debug|ARM.ActiveCfg = Debug|ARM
		{C3DD6206-E8B5-4F93-A102-5294EE2EF4DA}.Debug|ARM.Build.0 = Debug|ARM
		{C3DD6206-E8B5-4F93-A102-5294EE2EF4DA}.Debug|ARM.Deploy.0 = Debug|ARM
		{C3DD6206-E8B5-4F93-A102-5294EE2EF4DA}.Debug|iPhone.ActiveCfg = Debug|x86
		{C3DD6206-E8B5-4F93-A102-5294EE2EF4DA}.Debug|iPhoneSimulator.ActiveCfg = Debug|x86
		{C3DD6206-E8B5-4F93-A102-5294EE2EF4DA}.Debug|x64.ActiveCfg = Debug|x64
		{C3DD6206-E8B5-4F93-A102-5294EE2EF4DA}.Debug|x64.Build.0 = Debug|x64
		{C3DD6206-E8B5-4F93-A102-5294EE2EF4DA}.Debug|x64.Deploy.0 = Debug|x64
		{C3DD6206-E8B5-4F93-A102-5294EE2EF4DA}.Debug|x86.ActiveCfg = Debug|x86
		{C3DD6206-E8B5-4F93-A102-5294EE2EF4DA}.Debug|x86.Build.0 = Debug|x86
		{C3DD6206-E8B5-4F93-A102-5294EE2EF4DA}.Debug|x86.Deploy.0 = Debug|x86
		{C3DD6206-E8B5-4F93-A102-5294EE2EF4DA}.Release|Any CPU.ActiveCfg = Release|x86
		{C3DD6206-E8B5-4F93-A102-5294EE2EF4DA}.Release|ARM.ActiveCfg = Release|ARM
		{C3DD6206-E8B5-4F93-A102-5294EE2EF4DA}.Release|ARM.Build.0 = Release|ARM
		{C3DD6206-E8B5-4F93-A102-5294EE2EF4DA}.Release|ARM.Deploy.0 = Release|ARM
		{C3DD6206-E8B5-4F93-A102-5294EE2EF4DA}.Release|iPhone.ActiveCfg = Release|x86
		{C3DD6206-E8B5-4F93-A102-5294EE2EF4DA}.Release|iPhoneSimulator.ActiveCfg = Release|x86
		{C3DD6206-E8B5-4F93-A102-5294EE2EF4DA}.Release|x64.ActiveCfg = Release|x64
		{C3DD6206-E8B5-4F93-A102-5294EE2EF4DA}.Release|x64.Build.0 = Release|x64
		{C3DD6206-E8B5-4F93-A102-5294EE2EF4DA}.Release|x64.Deploy.0 = Release|x64
		{C3DD6206-E8B5-4F93-A102-5294EE2EF4DA}.Release|x86.ActiveCfg = Release|x86
		{C3DD6206-E8B5-4F93-A102-5294EE2EF4DA}.Release|x86.Build.0 = Release|x86
		{C3DD6206-E8B5-4F93-A102-5294EE2EF4DA}.Release|x86.Deploy.0 = Release|x86
		{7E87BE6D-5B30-4CA7-A77D-D3FDC64FC146}.Ad-Hoc|Any CPU.ActiveCfg = Debug|Any CPU
		{7E87BE6D-5B30-4CA7-A77D-D3FDC64FC146}.Ad-Hoc|Any CPU.Build.0 = Debug|Any CPU
		{7E87BE6D-5B30-4CA7-A77D-D3FDC64FC146}.Ad-Hoc|ARM.ActiveCfg = Debug|Any CPU
		{7E87BE6D-5B30-4CA7-A77D-D3FDC64FC146}.Ad-Hoc|ARM.Build.0 = Debug|Any CPU
		{7E87BE6D-5B30-4CA7-A77D-D3FDC64FC146}.Ad-Hoc|iPhone.ActiveCfg = Debug|Any CPU
		{7E87BE6D-5B30-4CA7-A77D-D3FDC64FC146}.Ad-Hoc|iPhone.Build.0 = Debug|Any CPU
		{7E87BE6D-5B30-4CA7-A77D-D3FDC64FC146}.Ad-Hoc|iPhoneSimulator.ActiveCfg = Debug|Any CPU
		{7E87BE6D-5B30-4CA7-A77D-D3FDC64FC146}.Ad-Hoc|iPhoneSimulator.Build.0 = Debug|Any CPU
		{7E87BE6D-5B30-4CA7-A77D-D3FDC64FC146}.Ad-Hoc|x64.ActiveCfg = Debug|Any CPU
		{7E87BE6D-5B30-4CA7-A77D-D3FDC64FC146}.Ad-Hoc|x64.Build.0 = Debug|Any CPU
		{7E87BE6D-5B30-4CA7-A77D-D3FDC64FC146}.Ad-Hoc|x86.ActiveCfg = Debug|Any CPU
		{7E87BE6D-5B30-4CA7-A77D-D3FDC64FC146}.Ad-Hoc|x86.Build.0 = Debug|Any CPU
		{7E87BE6D-5B30-4CA7-A77D-D3FDC64FC146}.AppStore|Any CPU.ActiveCfg = Debug|Any CPU
		{7E87BE6D-5B30-4CA7-A77D-D3FDC64FC146}.AppStore|Any CPU.Build.0 = Debug|Any CPU
		{7E87BE6D-5B30-4CA7-A77D-D3FDC64FC146}.AppStore|ARM.ActiveCfg = Debug|Any CPU
		{7E87BE6D-5B30-4CA7-A77D-D3FDC64FC146}.AppStore|ARM.Build.0 = Debug|Any CPU
		{7E87BE6D-5B30-4CA7-A77D-D3FDC64FC146}.AppStore|iPhone.ActiveCfg = Debug|Any CPU
		{7E87BE6D-5B30-4CA7-A77D-D3FDC64FC146}.AppStore|iPhone.Build.0 = Debug|Any CPU
		{7E87BE6D-5B30-4CA7-A77D-D3FDC64FC146}.AppStore|iPhoneSimulator.ActiveCfg = Debug|Any CPU
		{7E87BE6D-5B30-4CA7-A77D-D3FDC64FC146}.AppStore|iPhoneSimulator.Build.0 = Debug|Any CPU
		{7E87BE6D-5B30-4CA7-A77D-D3FDC64FC146}.AppStore|x64.ActiveCfg = Debug|Any CPU
		{7E87BE6D-5B30-4CA7-A77D-D3FDC64FC146}.AppStore|x64.Build.0 = Debug|Any CPU
		{7E87BE6D-5B30-4CA7-A77D-D3FDC64FC146}.AppStore|x86.ActiveCfg = Debug|Any CPU
		{7E87BE6D-5B30-4CA7-A77D-D3FDC64FC146}.AppStore|x86.Build.0 = Debug|Any CPU
		{7E87BE6D-5B30-4CA7-A77D-D3FDC64FC146}.Debug|Any CPU.ActiveCfg = Debug|Any CPU
		{7E87BE6D-5B30-4CA7-A77D-D3FDC64FC146}.Debug|Any CPU.Build.0 = Debug|Any CPU
		{7E87BE6D-5B30-4CA7-A77D-D3FDC64FC146}.Debug|ARM.ActiveCfg = Debug|Any CPU
		{7E87BE6D-5B30-4CA7-A77D-D3FDC64FC146}.Debug|ARM.Build.0 = Debug|Any CPU
		{7E87BE6D-5B30-4CA7-A77D-D3FDC64FC146}.Debug|iPhone.ActiveCfg = Debug|Any CPU
		{7E87BE6D-5B30-4CA7-A77D-D3FDC64FC146}.Debug|iPhone.Build.0 = Debug|Any CPU
		{7E87BE6D-5B30-4CA7-A77D-D3FDC64FC146}.Debug|iPhoneSimulator.ActiveCfg = Debug|Any CPU
		{7E87BE6D-5B30-4CA7-A77D-D3FDC64FC146}.Debug|iPhoneSimulator.Build.0 = Debug|Any CPU
		{7E87BE6D-5B30-4CA7-A77D-D3FDC64FC146}.Debug|x64.ActiveCfg = Debug|Any CPU
		{7E87BE6D-5B30-4CA7-A77D-D3FDC64FC146}.Debug|x64.Build.0 = Debug|Any CPU
		{7E87BE6D-5B30-4CA7-A77D-D3FDC64FC146}.Debug|x86.ActiveCfg = Debug|Any CPU
		{7E87BE6D-5B30-4CA7-A77D-D3FDC64FC146}.Debug|x86.Build.0 = Debug|Any CPU
		{7E87BE6D-5B30-4CA7-A77D-D3FDC64FC146}.Release|Any CPU.ActiveCfg = Release|Any CPU
		{7E87BE6D-5B30-4CA7-A77D-D3FDC64FC146}.Release|Any CPU.Build.0 = Release|Any CPU
		{7E87BE6D-5B30-4CA7-A77D-D3FDC64FC146}.Release|ARM.ActiveCfg = Release|Any CPU
		{7E87BE6D-5B30-4CA7-A77D-D3FDC64FC146}.Release|ARM.Build.0 = Release|Any CPU
		{7E87BE6D-5B30-4CA7-A77D-D3FDC64FC146}.Release|iPhone.ActiveCfg = Release|Any CPU
		{7E87BE6D-5B30-4CA7-A77D-D3FDC64FC146}.Release|iPhone.Build.0 = Release|Any CPU
		{7E87BE6D-5B30-4CA7-A77D-D3FDC64FC146}.Release|iPhoneSimulator.ActiveCfg = Release|Any CPU
		{7E87BE6D-5B30-4CA7-A77D-D3FDC64FC146}.Release|iPhoneSimulator.Build.0 = Release|Any CPU
		{7E87BE6D-5B30-4CA7-A77D-D3FDC64FC146}.Release|x64.ActiveCfg = Release|Any CPU
		{7E87BE6D-5B30-4CA7-A77D-D3FDC64FC146}.Release|x64.Build.0 = Release|Any CPU
		{7E87BE6D-5B30-4CA7-A77D-D3FDC64FC146}.Release|x86.ActiveCfg = Release|Any CPU
		{7E87BE6D-5B30-4CA7-A77D-D3FDC64FC146}.Release|x86.Build.0 = Release|Any CPU
	EndGlobalSection
	GlobalSection(SolutionProperties) = preSolution
		HideSolutionNode = FALSE
	EndGlobalSection
	GlobalSection(NestedProjects) = preSolution
		{D2A01FDF-4A82-433E-9DB1-CC64AEA6F46E} = {BECAAF6C-6BB8-48D4-8239-6AAC1BA24046}
		{EB0D282C-C13A-4BA0-959F-497F42971796} = {BECAAF6C-6BB8-48D4-8239-6AAC1BA24046}
		{270680D0-EC8D-411F-A93F-F52882ACC457} = {BECAAF6C-6BB8-48D4-8239-6AAC1BA24046}
		{C3DD6206-E8B5-4F93-A102-5294EE2EF4DA} = {BECAAF6C-6BB8-48D4-8239-6AAC1BA24046}
		{7E87BE6D-5B30-4CA7-A77D-D3FDC64FC146} = {62CF6116-82A1-4F7D-B51B-C81F05BBA2DE}
	EndGlobalSection
	GlobalSection(ExtensibilityGlobals) = postSolution
		SolutionGuid = {1ADA2267-3745-4482-A496-DE9A15B72708}
	EndGlobalSection
EndGlobal
